// !$*UTF8*$!
{
	archiveVersion = 1;
	classes = {
	};
	objectVersion = 46;
	objects = {

/* Begin PBXBuildFile section */
		B5BC8BE91A81708F00F110AE /* AppDelegate.swift in Sources */ = {isa = PBXBuildFile; fileRef = B5BC8BE81A81708F00F110AE /* AppDelegate.swift */; };
		B5BC8BEB1A81708F00F110AE /* FirstViewController.swift in Sources */ = {isa = PBXBuildFile; fileRef = B5BC8BEA1A81708F00F110AE /* FirstViewController.swift */; };
		B5BC8BED1A81708F00F110AE /* SecondViewController.swift in Sources */ = {isa = PBXBuildFile; fileRef = B5BC8BEC1A81708F00F110AE /* SecondViewController.swift */; };
		B5BC8BF01A81708F00F110AE /* Main.storyboard in Resources */ = {isa = PBXBuildFile; fileRef = B5BC8BEE1A81708F00F110AE /* Main.storyboard */; };
		B5BC8BF21A81708F00F110AE /* Images.xcassets in Resources */ = {isa = PBXBuildFile; fileRef = B5BC8BF11A81708F00F110AE /* Images.xcassets */; };
		B5BC8BF51A81708F00F110AE /* LaunchScreen.xib in Resources */ = {isa = PBXBuildFile; fileRef = B5BC8BF31A81708F00F110AE /* LaunchScreen.xib */; };
		B5BC8C011A81709000F110AE /* TodosTests.swift in Sources */ = {isa = PBXBuildFile; fileRef = B5BC8C001A81709000F110AE /* TodosTests.swift */; };
/* End PBXBuildFile section */

/* Begin PBXContainerItemProxy section */
		B5BC8BFB1A81709000F110AE /* PBXContainerItemProxy */ = {
			isa = PBXContainerItemProxy;
			containerPortal = B5BC8BDB1A81708F00F110AE /* Project object */;
			proxyType = 1;
			remoteGlobalIDString = B5BC8BE21A81708F00F110AE;
			remoteInfo = Todos;
		};
/* End PBXContainerItemProxy section */

/* Begin PBXFileReference section */
		B5BC8BE31A81708F00F110AE /* Todos.app */ = {isa = PBXFileReference; explicitFileType = wrapper.application; includeInIndex = 0; path = Todos.app; sourceTree = BUILT_PRODUCTS_DIR; };
		B5BC8BE71A81708F00F110AE /* Info.plist */ = {isa = PBXFileReference; lastKnownFileType = text.plist.xml; path = Info.plist; sourceTree = "<group>"; };
		B5BC8BE81A81708F00F110AE /* AppDelegate.swift */ = {isa = PBXFileReference; lastKnownFileType = sourcecode.swift; path = AppDelegate.swift; sourceTree = "<group>"; };
		B5BC8BEA1A81708F00F110AE /* FirstViewController.swift */ = {isa = PBXFileReference; lastKnownFileType = sourcecode.swift; path = FirstViewController.swift; sourceTree = "<group>"; };
		B5BC8BEC1A81708F00F110AE /* SecondViewController.swift */ = {isa = PBXFileReference; lastKnownFileType = sourcecode.swift; path = SecondViewController.swift; sourceTree = "<group>"; };
		B5BC8BEF1A81708F00F110AE /* Base */ = {isa = PBXFileReference; lastKnownFileType = file.storyboard; name = Base; path = Base.lproj/Main.storyboard; sourceTree = "<group>"; };
		B5BC8BF11A81708F00F110AE /* Images.xcassets */ = {isa = PBXFileReference; lastKnownFileType = folder.assetcatalog; path = Images.xcassets; sourceTree = "<group>"; };
		B5BC8BF41A81708F00F110AE /* Base */ = {isa = PBXFileReference; lastKnownFileType = file.xib; name = Base; path = Base.lproj/LaunchScreen.xib; sourceTree = "<group>"; };
		B5BC8BFA1A81709000F110AE /* TodosTests.xctest */ = {isa = PBXFileReference; explicitFileType = wrapper.cfbundle; includeInIndex = 0; path = TodosTests.xctest; sourceTree = BUILT_PRODUCTS_DIR; };
		B5BC8BFF1A81709000F110AE /* Info.plist */ = {isa = PBXFileReference; lastKnownFileType = text.plist.xml; path = Info.plist; sourceTree = "<group>"; };
		B5BC8C001A81709000F110AE /* TodosTests.swift */ = {isa = PBXFileReference; lastKnownFileType = sourcecode.swift; path = TodosTests.swift; sourceTree = "<group>"; };
/* End PBXFileReference section */

/* Begin PBXFrameworksBuildPhase section */
		B5BC8BE01A81708F00F110AE /* Frameworks */ = {
			isa = PBXFrameworksBuildPhase;
			buildActionMask = 2147483647;
			files = (
			);
			runOnlyForDeploymentPostprocessing = 0;
		};
		B5BC8BF71A81709000F110AE /* Frameworks */ = {
			isa = PBXFrameworksBuildPhase;
			buildActionMask = 2147483647;
			files = (
			);
			runOnlyForDeploymentPostprocessing = 0;
		};
/* End PBXFrameworksBuildPhase section */

/* Begin PBXGroup section */
		B5BC8BDA1A81708F00F110AE = {
			isa = PBXGroup;
			children = (
				B5BC8BE51A81708F00F110AE /* Todos */,
				B5BC8BFD1A81709000F110AE /* TodosTests */,
				B5BC8BE41A81708F00F110AE /* Products */,
			);
			sourceTree = "<group>";
		};
		B5BC8BE41A81708F00F110AE /* Products */ = {
			isa = PBXGroup;
			children = (
				B5BC8BE31A81708F00F110AE /* Todos.app */,
				B5BC8BFA1A81709000F110AE /* TodosTests.xctest */,
			);
			name = Products;
			sourceTree = "<group>";
		};
		B5BC8BE51A81708F00F110AE /* Todos */ = {
			isa = PBXGroup;
			children = (
				B5BC8BE81A81708F00F110AE /* AppDelegate.swift */,
				B5BC8BEA1A81708F00F110AE /* FirstViewController.swift */,
				B5BC8BEC1A81708F00F110AE /* SecondViewController.swift */,
				B5BC8BEE1A81708F00F110AE /* Main.storyboard */,
				B5BC8BF11A81708F00F110AE /* Images.xcassets */,
				B5BC8BF31A81708F00F110AE /* LaunchScreen.xib */,
				B5BC8BE61A81708F00F110AE /* Supporting Files */,
			);
			path = Todos;
			sourceTree = "<group>";
		};
		B5BC8BE61A81708F00F110AE /* Supporting Files */ = {
			isa = PBXGroup;
			children = (
				B5BC8BE71A81708F00F110AE /* Info.plist */,
			);
			name = "Supporting Files";
			sourceTree = "<group>";
		};
		B5BC8BFD1A81709000F110AE /* TodosTests */ = {
			isa = PBXGroup;
			children = (
				B5BC8C001A81709000F110AE /* TodosTests.swift */,
				B5BC8BFE1A81709000F110AE /* Supporting Files */,
			);
			path = TodosTests;
			sourceTree = "<group>";
		};
		B5BC8BFE1A81709000F110AE /* Supporting Files */ = {
			isa = PBXGroup;
			children = (
				B5BC8BFF1A81709000F110AE /* Info.plist */,
			);
			name = "Supporting Files";
			sourceTree = "<group>";
		};
/* End PBXGroup section */

/* Begin PBXNativeTarget section */
		B5BC8BE21A81708F00F110AE /* Todos */ = {
			isa = PBXNativeTarget;
			buildConfigurationList = B5BC8C041A81709000F110AE /* Build configuration list for PBXNativeTarget "Todos" */;
			buildPhases = (
				B5BC8BDF1A81708F00F110AE /* Sources */,
				B5BC8BE01A81708F00F110AE /* Frameworks */,
				B5BC8BE11A81708F00F110AE /* Resources */,
			);
			buildRules = (
			);
			dependencies = (
			);
			name = Todos;
			productName = Todos;
			productReference = B5BC8BE31A81708F00F110AE /* Todos.app */;
			productType = "com.apple.product-type.application";
		};
		B5BC8BF91A81709000F110AE /* TodosTests */ = {
			isa = PBXNativeTarget;
			buildConfigurationList = B5BC8C071A81709000F110AE /* Build configuration list for PBXNativeTarget "TodosTests" */;
			buildPhases = (
				B5BC8BF61A81709000F110AE /* Sources */,
				B5BC8BF71A81709000F110AE /* Frameworks */,
				B5BC8BF81A81709000F110AE /* Resources */,
			);
			buildRules = (
			);
			dependencies = (
				B5BC8BFC1A81709000F110AE /* PBXTargetDependency */,
			);
			name = TodosTests;
			productName = TodosTests;
			productReference = B5BC8BFA1A81709000F110AE /* TodosTests.xctest */;
			productType = "com.apple.product-type.bundle.unit-test";
		};
/* End PBXNativeTarget section */

/* Begin PBXProject section */
		B5BC8BDB1A81708F00F110AE /* Project object */ = {
			isa = PBXProject;
			attributes = {
				LastUpgradeCheck = 0610;
				ORGANIZATIONNAME = "Ben Tranter";
				TargetAttributes = {
					B5BC8BE21A81708F00F110AE = {
						CreatedOnToolsVersion = 6.1.1;
					};
					B5BC8BF91A81709000F110AE = {
						CreatedOnToolsVersion = 6.1.1;
						TestTargetID = B5BC8BE21A81708F00F110AE;
					};
				};
			};
			buildConfigurationList = B5BC8BDE1A81708F00F110AE /* Build configuration list for PBXProject "Todos" */;
			compatibilityVersion = "Xcode 3.2";
			developmentRegion = English;
			hasScannedForEncodings = 0;
			knownRegions = (
				en,
				Base,
			);
			mainGroup = B5BC8BDA1A81708F00F110AE;
			productRefGroup = B5BC8BE41A81708F00F110AE /* Products */;
			projectDirPath = "";
			projectRoot = "";
			targets = (
				B5BC8BE21A81708F00F110AE /* Todos */,
				B5BC8BF91A81709000F110AE /* TodosTests */,
			);
		};
/* End PBXProject section */

/* Begin PBXResourcesBuildPhase section */
		B5BC8BE11A81708F00F110AE /* Resources */ = {
			isa = PBXResourcesBuildPhase;
			buildActionMask = 2147483647;
			files = (
				B5BC8BF01A81708F00F110AE /* Main.storyboard in Resources */,
				B5BC8BF51A81708F00F110AE /* LaunchScreen.xib in Resources */,
				B5BC8BF21A81708F00F110AE /* Images.xcassets in Resources */,
			);
			runOnlyForDeploymentPostprocessing = 0;
		};
		B5BC8BF81A81709000F110AE /* Resources */ = {
			isa = PBXResourcesBuildPhase;
			buildActionMask = 2147483647;
			files = (
			);
			runOnlyForDeploymentPostprocessing = 0;
		};
/* End PBXResourcesBuildPhase section */

/* Begin PBXSourcesBuildPhase section */
		B5BC8BDF1A81708F00F110AE /* Sources */ = {
			isa = PBXSourcesBuildPhase;
			buildActionMask = 2147483647;
			files = (
				B5BC8BED1A81708F00F110AE /* SecondViewController.swift in Sources */,
				B5BC8BE91A81708F00F110AE /* AppDelegate.swift in Sources */,
				B5BC8BEB1A81708F00F110AE /* FirstViewController.swift in Sources */,
			);
			runOnlyForDeploymentPostprocessing = 0;
		};
		B5BC8BF61A81709000F110AE /* Sources */ = {
			isa = PBXSourcesBuildPhase;
			buildActionMask = 2147483647;
			files = (
				B5BC8C011A81709000F110AE /* TodosTests.swift in Sources */,
			);
			runOnlyForDeploymentPostprocessing = 0;
		};
/* End PBXSourcesBuildPhase section */

/* Begin PBXTargetDependency section */
		B5BC8BFC1A81709000F110AE /* PBXTargetDependency */ = {
			isa = PBXTargetDependency;
			target = B5BC8BE21A81708F00F110AE /* Todos */;
			targetProxy = B5BC8BFB1A81709000F110AE /* PBXContainerItemProxy */;
		};
/* End PBXTargetDependency section */

/* Begin PBXVariantGroup section */
		B5BC8BEE1A81708F00F110AE /* Main.storyboard */ = {
			isa = PBXVariantGroup;
			children = (
				B5BC8BEF1A81708F00F110AE /* Base */,
			);
			name = Main.storyboard;
			sourceTree = "<group>";
		};
		B5BC8BF31A81708F00F110AE /* LaunchScreen.xib */ = {
			isa = PBXVariantGroup;
			children = (
				B5BC8BF41A81708F00F110AE /* Base */,
			);
			name = LaunchScreen.xib;
			sourceTree = "<group>";
		};
/* End PBXVariantGroup section */

/* Begin XCBuildConfiguration section */
		B5BC8C021A81709000F110AE /* Debug */ = {
			isa = XCBuildConfiguration;
			buildSettings = {
				ALWAYS_SEARCH_USER_PATHS = NO;
				CLANG_CXX_LANGUAGE_STANDARD = "gnu++0x";
				CLANG_CXX_LIBRARY = "libc++";
				CLANG_ENABLE_MODULES = YES;
				CLANG_ENABLE_OBJC_ARC = YES;
				CLANG_WARN_BOOL_CONVERSION = YES;
				CLANG_WARN_CONSTANT_CONVERSION = YES;
				CLANG_WARN_DIRECT_OBJC_ISA_USAGE = YES_ERROR;
				CLANG_WARN_EMPTY_BODY = YES;
				CLANG_WARN_ENUM_CONVERSION = YES;
				CLANG_WARN_INT_CONVERSION = YES;
				CLANG_WARN_OBJC_ROOT_CLASS = YES_ERROR;
				CLANG_WARN_UNREACHABLE_CODE = YES;
				CLANG_WARN__DUPLICATE_METHOD_MATCH = YES;
				"CODE_SIGN_IDENTITY[sdk=iphoneos*]" = "iPhone Developer";
				COPY_PHASE_STRIP = NO;
				ENABLE_STRICT_OBJC_MSGSEND = YES;
				GCC_C_LANGUAGE_STANDARD = gnu99;
				GCC_DYNAMIC_NO_PIC = NO;
				GCC_OPTIMIZATION_LEVEL = 0;
				GCC_PREPROCESSOR_DEFINITIONS = (
					"DEBUG=1",
					"$(inherited)",
				);
				GCC_SYMBOLS_PRIVATE_EXTERN = NO;
				GCC_WARN_64_TO_32_BIT_CONVERSION = YES;
				GCC_WARN_ABOUT_RETURN_TYPE = YES_ERROR;
				GCC_WARN_UNDECLARED_SELECTOR = YES;
				GCC_WARN_UNINITIALIZED_AUTOS = YES_AGGRESSIVE;
				GCC_WARN_UNUSED_FUNCTION = YES;
				GCC_WARN_UNUSED_VARIABLE = YES;
				IPHONEOS_DEPLOYMENT_TARGET = 8.1;
				MTL_ENABLE_DEBUG_INFO = YES;
				ONLY_ACTIVE_ARCH = YES;
				SDKROOT = iphoneos;
				SWIFT_OPTIMIZATION_LEVEL = "-Onone";
			};
			name = Debug;
		};
		B5BC8C031A81709000F110AE /* Release */ = {
			isa = XCBuildConfiguration;
			buildSettings = {
				ALWAYS_SEARCH_USER_PATHS = NO;
				CLANG_CXX_LANGUAGE_STANDARD = "gnu++0x";
				CLANG_CXX_LIBRARY = "libc++";
				CLANG_ENABLE_MODULES = YES;
				CLANG_ENABLE_OBJC_ARC = YES;
				CLANG_WARN_BOOL_CONVERSION = YES;
				CLANG_WARN_CONSTANT_CONVERSION = YES;
				CLANG_WARN_DIRECT_OBJC_ISA_USAGE = YES_ERROR;
				CLANG_WARN_EMPTY_BODY = YES;
				CLANG_WARN_ENUM_CONVERSION = YES;
				CLANG_WARN_INT_CONVERSION = YES;
				CLANG_WARN_OBJC_ROOT_CLASS = YES_ERROR;
				CLANG_WARN_UNREACHABLE_CODE = YES;
				CLANG_WARN__DUPLICATE_METHOD_MATCH = YES;
				"CODE_SIGN_IDENTITY[sdk=iphoneos*]" = "iPhone Developer";
				COPY_PHASE_STRIP = YES;
				ENABLE_NS_ASSERTIONS = NO;
				ENABLE_STRICT_OBJC_MSGSEND = YES;
				GCC_C_LANGUAGE_STANDARD = gnu99;
				GCC_WARN_64_TO_32_BIT_CONVERSION = YES;
				GCC_WARN_ABOUT_RETURN_TYPE = YES_ERROR;
				GCC_WARN_UNDECLARED_SELECTOR = YES;
				GCC_WARN_UNINITIALIZED_AUTOS = YES_AGGRESSIVE;
				GCC_WARN_UNUSED_FUNCTION = YES;
				GCC_WARN_UNUSED_VARIABLE = YES;
				IPHONEOS_DEPLOYMENT_TARGET = 8.1;
				MTL_ENABLE_DEBUG_INFO = NO;
				SDKROOT = iphoneos;
				VALIDATE_PRODUCT = YES;
			};
			name = Release;
		};
		B5BC8C051A81709000F110AE /* Debug */ = {
			isa = XCBuildConfiguration;
			buildSettings = {
				ASSETCATALOG_COMPILER_APPICON_NAME = AppIcon;
				INFOPLIST_FILE = Todos/Info.plist;
				LD_RUNPATH_SEARCH_PATHS = "$(inherited) @executable_path/Frameworks";
				PRODUCT_NAME = "$(TARGET_NAME)";
			};
			name = Debug;
		};
		B5BC8C061A81709000F110AE /* Release */ = {
			isa = XCBuildConfiguration;
			buildSettings = {
				ASSETCATALOG_COMPILER_APPICON_NAME = AppIcon;
				INFOPLIST_FILE = Todos/Info.plist;
				LD_RUNPATH_SEARCH_PATHS = "$(inherited) @executable_path/Frameworks";
				PRODUCT_NAME = "$(TARGET_NAME)";
			};
			name = Release;
		};
		B5BC8C081A81709000F110AE /* Debug */ = {
			isa = XCBuildConfiguration;
			buildSettings = {
				BUNDLE_LOADER = "$(TEST_HOST)";
				FRAMEWORK_SEARCH_PATHS = (
					"$(SDKROOT)/Developer/Library/Frameworks",
					"$(inherited)",
				);
				GCC_PREPROCESSOR_DEFINITIONS = (
					"DEBUG=1",
					"$(inherited)",
				);
				INFOPLIST_FILE = TodosTests/Info.plist;
				LD_RUNPATH_SEARCH_PATHS = "$(inherited) @executable_path/Frameworks @loader_path/Frameworks";
				PRODUCT_NAME = "$(TARGET_NAME)";
				TEST_HOST = "$(BUILT_PRODUCTS_DIR)/Todos.app/Todos";
			};
			name = Debug;
		};
		B5BC8C091A81709000F110AE /* Release */ = {
			isa = XCBuildConfiguration;
			buildSettings = {
				BUNDLE_LOADER = "$(TEST_HOST)";
				FRAMEWORK_SEARCH_PATHS = (
					"$(SDKROOT)/Developer/Library/Frameworks",
					"$(inherited)",
				);
				INFOPLIST_FILE = TodosTests/Info.plist;
				LD_RUNPATH_SEARCH_PATHS = "$(inherited) @executable_path/Frameworks @loader_path/Frameworks";
				PRODUCT_NAME = "$(TARGET_NAME)";
				TEST_HOST = "$(BUILT_PRODUCTS_DIR)/Todos.app/Todos";
			};
			name = Release;
		};
/* End XCBuildConfiguration section */

/* Begin XCConfigurationList section */
		B5BC8BDE1A81708F00F110AE /* Build configuration list for PBXProject "Todos" */ = {
			isa = XCConfigurationList;
			buildConfigurations = (
				B5BC8C021A81709000F110AE /* Debug */,
				B5BC8C031A81709000F110AE /* Release */,
			);
			defaultConfigurationIsVisible = 0;
			defaultConfigurationName = Release;
		};
		B5BC8C041A81709000F110AE /* Build configuration list for PBXNativeTarget "Todos" */ = {
			isa = XCConfigurationList;
			buildConfigurations = (
				B5BC8C051A81709000F110AE /* Debug */,
				B5BC8C061A81709000F110AE /* Release */,
			);
			defaultConfigurationIsVisible = 0;
		};
		B5BC8C071A81709000F110AE /* Build configuration list for PBXNativeTarget "TodosTests" */ = {
			isa = XCConfigurationList;
			buildConfigurations = (
				B5BC8C081A81709000F110AE /* Debug */,
				B5BC8C091A81709000F110AE /* Release */,
			);
			defaultConfigurationIsVisible = 0;
		};
/* End XCConfigurationList section */
	};
	rootObject = B5BC8BDB1A81708F00F110AE /* Project object */;
}
